
Microsoft Visual Studio Solution File, Format Version 12.00
# Visual Studio Version 17
VisualStudioVersion = 17.9.34728.123
MinimumVisualStudioVersion = 10.0.40219.1
Project("{9A19103F-16F7-4668-BE54-9A1E7A4F7556}") = "Shopping_WebApi", "Shopping_WebApi\Shopping_WebApi.csproj", "{C893E47F-5381-4CB8-AB7D-0F2B180A597F}"
EndProject
Global
	GlobalSection(SolutionConfigurationPlatforms) = preSolution
		Debug|Any CPU = Debug|Any CPU
		Release|Any CPU = Release|Any CPU
	EndGlobalSection
	GlobalSection(ProjectConfigurationPlatforms) = postSolution
		{C893E47F-5381-4CB8-AB7D-0F2B180A597F}.Debug|Any CPU.ActiveCfg = Debug|Any CPU
		{C893E47F-5381-4CB8-AB7D-0F2B180A597F}.Debug|Any CPU.Build.0 = Debug|Any CPU
		{C893E47F-5381-4CB8-AB7D-0F2B180A597F}.Release|Any CPU.ActiveCfg = Release|Any CPU
		{C893E47F-5381-4CB8-AB7D-0F2B180A597F}.Release|Any CPU.Build.0 = Release|Any CPU
	EndGlobalSection
	GlobalSection(SolutionProperties) = preSolution
		HideSolutionNode = FALSE
	EndGlobalSection
	GlobalSection(ExtensibilityGlobals) = postSolution
		SolutionGuid = {D6601674-4CFE-4BF6-817E-BDC755114FBD}
	EndGlobalSection
EndGlobal
